// !$*UTF8*$!
{
	archiveVersion = 1;
	classes = {
	};
	objectVersion = 45;
	objects = {

/* Begin PBXBuildFile section */
		1D3623260D0F684500981E51 /* iLuaAppDelegate.m in Sources */ = {isa = PBXBuildFile; fileRef = 1D3623250D0F684500981E51 /* iLuaAppDelegate.m */; };
		1D60589B0D05DD56006BFB54 /* main.m in Sources */ = {isa = PBXBuildFile; fileRef = 29B97316FDCFA39411CA2CEA /* main.m */; };
		1D60589F0D05DD5A006BFB54 /* Foundation.framework in Frameworks */ = {isa = PBXBuildFile; fileRef = 1D30AB110D05D00D00671497 /* Foundation.framework */; };
		1DF5F4E00D08C38300B7A737 /* UIKit.framework in Frameworks */ = {isa = PBXBuildFile; fileRef = 1DF5F4DF0D08C38300B7A737 /* UIKit.framework */; };
		288765A50DF7441C002DB57D /* CoreGraphics.framework in Frameworks */ = {isa = PBXBuildFile; fileRef = 288765A40DF7441C002DB57D /* CoreGraphics.framework */; };
		2899E5220DE3E06400AC0155 /* iLuaViewController.xib in Resources */ = {isa = PBXBuildFile; fileRef = 2899E5210DE3E06400AC0155 /* iLuaViewController.xib */; };
		28AD733F0D9D9553002E5188 /* MainWindow.xib in Resources */ = {isa = PBXBuildFile; fileRef = 28AD733E0D9D9553002E5188 /* MainWindow.xib */; };
		28D7ACF80DDB3853001CB0EB /* iLuaViewController.m in Sources */ = {isa = PBXBuildFile; fileRef = 28D7ACF70DDB3853001CB0EB /* iLuaViewController.m */; };
		C906768F124A512D00F76EF4 /* LICENSE in Resources */ = {isa = PBXBuildFile; fileRef = C906768E124A512D00F76EF4 /* LICENSE */; };
		C9067691124A51CD00F76EF4 /* COPYRIGHT in Resources */ = {isa = PBXBuildFile; fileRef = C9067690124A51CD00F76EF4 /* COPYRIGHT */; };
		C9442BA91110CC7700B901F0 /* loadlib.c in Sources */ = {isa = PBXBuildFile; fileRef = C9442B731110CC7700B901F0 /* loadlib.c */; };
		C9442BAA1110CC7700B901F0 /* lstrlib.c in Sources */ = {isa = PBXBuildFile; fileRef = C9442B741110CC7700B901F0 /* lstrlib.c */; };
		C9442BAB1110CC7700B901F0 /* lapi.c in Sources */ = {isa = PBXBuildFile; fileRef = C9442B751110CC7700B901F0 /* lapi.c */; };
		C9442BAC1110CC7700B901F0 /* ldebug.c in Sources */ = {isa = PBXBuildFile; fileRef = C9442B761110CC7700B901F0 /* ldebug.c */; };
		C9442BAD1110CC7700B901F0 /* lundump.c in Sources */ = {isa = PBXBuildFile; fileRef = C9442B771110CC7700B901F0 /* lundump.c */; };
		C9442BAE1110CC7700B901F0 /* ltablib.c in Sources */ = {isa = PBXBuildFile; fileRef = C9442B781110CC7700B901F0 /* ltablib.c */; };
		C9442BAF1110CC7700B901F0 /* lbaselib.c in Sources */ = {isa = PBXBuildFile; fileRef = C9442B791110CC7700B901F0 /* lbaselib.c */; };
		C9442BB01110CC7700B901F0 /* lauxlib.c in Sources */ = {isa = PBXBuildFile; fileRef = C9442B7B1110CC7700B901F0 /* lauxlib.c */; };
		C9442BB11110CC7700B901F0 /* ldblib.c in Sources */ = {isa = PBXBuildFile; fileRef = C9442B7C1110CC7700B901F0 /* ldblib.c */; };
		C9442BB31110CC7700B901F0 /* ldo.c in Sources */ = {isa = PBXBuildFile; fileRef = C9442B7E1110CC7700B901F0 /* ldo.c */; };
		C9442BB41110CC7700B901F0 /* liolib.c in Sources */ = {isa = PBXBuildFile; fileRef = C9442B7F1110CC7700B901F0 /* liolib.c */; };
		C9442BB51110CC7700B901F0 /* loslib.c in Sources */ = {isa = PBXBuildFile; fileRef = C9442B801110CC7700B901F0 /* loslib.c */; };
		C9442BB61110CC7700B901F0 /* lstate.c in Sources */ = {isa = PBXBuildFile; fileRef = C9442B821110CC7700B901F0 /* lstate.c */; };
		C9442BB71110CC7700B901F0 /* lvm.c in Sources */ = {isa = PBXBuildFile; fileRef = C9442B831110CC7700B901F0 /* lvm.c */; };
		C9442BB91110CC7700B901F0 /* ltable.c in Sources */ = {isa = PBXBuildFile; fileRef = C9442B851110CC7700B901F0 /* ltable.c */; };
		C9442BBA1110CC7700B901F0 /* lparser.c in Sources */ = {isa = PBXBuildFile; fileRef = C9442B861110CC7700B901F0 /* lparser.c */; };
		C9442BBB1110CC7700B901F0 /* lcode.c in Sources */ = {isa = PBXBuildFile; fileRef = C9442B871110CC7700B901F0 /* lcode.c */; };
		C9442BBC1110CC7700B901F0 /* lfunc.c in Sources */ = {isa = PBXBuildFile; fileRef = C9442B881110CC7700B901F0 /* lfunc.c */; };
		C9442BBD1110CC7700B901F0 /* lzio.c in Sources */ = {isa = PBXBuildFile; fileRef = C9442B8A1110CC7700B901F0 /* lzio.c */; };
		C9442BBE1110CC7700B901F0 /* ltm.c in Sources */ = {isa = PBXBuildFile; fileRef = C9442B8F1110CC7700B901F0 /* ltm.c */; };
		C9442BBF1110CC7700B901F0 /* lstring.c in Sources */ = {isa = PBXBuildFile; fileRef = C9442B921110CC7700B901F0 /* lstring.c */; };
		C9442BC01110CC7700B901F0 /* lopcodes.c in Sources */ = {isa = PBXBuildFile; fileRef = C9442B951110CC7700B901F0 /* lopcodes.c */; };
		C9442BC11110CC7700B901F0 /* lobject.c in Sources */ = {isa = PBXBuildFile; fileRef = C9442B961110CC7700B901F0 /* lobject.c */; };
		C9442BC21110CC7700B901F0 /* lmem.c in Sources */ = {isa = PBXBuildFile; fileRef = C9442B981110CC7700B901F0 /* lmem.c */; };
		C9442BC31110CC7700B901F0 /* lmathlib.c in Sources */ = {isa = PBXBuildFile; fileRef = C9442B991110CC7700B901F0 /* lmathlib.c */; };
		C9442BC41110CC7700B901F0 /* llex.c in Sources */ = {isa = PBXBuildFile; fileRef = C9442B9C1110CC7700B901F0 /* llex.c */; };
		C9442BC51110CC7700B901F0 /* linit.c in Sources */ = {isa = PBXBuildFile; fileRef = C9442B9D1110CC7700B901F0 /* linit.c */; };
		C9442BC61110CC7700B901F0 /* lgc.c in Sources */ = {isa = PBXBuildFile; fileRef = C9442B9F1110CC7700B901F0 /* lgc.c */; };
		C9442BC71110CC7700B901F0 /* ldump.c in Sources */ = {isa = PBXBuildFile; fileRef = C9442BA11110CC7700B901F0 /* ldump.c */; };
		C9442BC81110CC7700B901F0 /* print.c in Sources */ = {isa = PBXBuildFile; fileRef = C9442BA71110CC7700B901F0 /* print.c */; };
		C9731BAE111FB09A006E5061 /* icon.png in Resources */ = {isa = PBXBuildFile; fileRef = C9731BAD111FB09A006E5061 /* icon.png */; };
/* End PBXBuildFile section */

/* Begin PBXFileReference section */
		1D30AB110D05D00D00671497 /* Foundation.framework */ = {isa = PBXFileReference; lastKnownFileType = wrapper.framework; name = Foundation.framework; path = System/Library/Frameworks/Foundation.framework; sourceTree = SDKROOT; };
		1D3623240D0F684500981E51 /* iLuaAppDelegate.h */ = {isa = PBXFileReference; fileEncoding = 4; lastKnownFileType = sourcecode.c.h; path = iLuaAppDelegate.h; sourceTree = "<group>"; };
		1D3623250D0F684500981E51 /* iLuaAppDelegate.m */ = {isa = PBXFileReference; fileEncoding = 4; lastKnownFileType = sourcecode.c.objc; path = iLuaAppDelegate.m; sourceTree = "<group>"; };
		1D6058910D05DD3D006BFB54 /* iLua.app */ = {isa = PBXFileReference; explicitFileType = wrapper.application; includeInIndex = 0; path = iLua.app; sourceTree = BUILT_PRODUCTS_DIR; };
		1DF5F4DF0D08C38300B7A737 /* UIKit.framework */ = {isa = PBXFileReference; lastKnownFileType = wrapper.framework; name = UIKit.framework; path = System/Library/Frameworks/UIKit.framework; sourceTree = SDKROOT; };
		288765A40DF7441C002DB57D /* CoreGraphics.framework */ = {isa = PBXFileReference; lastKnownFileType = wrapper.framework; name = CoreGraphics.framework; path = System/Library/Frameworks/CoreGraphics.framework; sourceTree = SDKROOT; };
		2899E5210DE3E06400AC0155 /* iLuaViewController.xib */ = {isa = PBXFileReference; lastKnownFileType = file.xib; path = iLuaViewController.xib; sourceTree = "<group>"; };
		28AD733E0D9D9553002E5188 /* MainWindow.xib */ = {isa = PBXFileReference; lastKnownFileType = file.xib; path = MainWindow.xib; sourceTree = "<group>"; };
		28D7ACF60DDB3853001CB0EB /* iLuaViewController.h */ = {isa = PBXFileReference; fileEncoding = 4; lastKnownFileType = sourcecode.c.h; path = iLuaViewController.h; sourceTree = "<group>"; };
		28D7ACF70DDB3853001CB0EB /* iLuaViewController.m */ = {isa = PBXFileReference; fileEncoding = 4; lastKnownFileType = sourcecode.c.objc; path = iLuaViewController.m; sourceTree = "<group>"; };
		29B97316FDCFA39411CA2CEA /* main.m */ = {isa = PBXFileReference; fileEncoding = 4; lastKnownFileType = sourcecode.c.objc; path = main.m; sourceTree = "<group>"; };
		32CA4F630368D1EE00C91783 /* iLua_Prefix.pch */ = {isa = PBXFileReference; fileEncoding = 4; lastKnownFileType = sourcecode.c.h; path = iLua_Prefix.pch; sourceTree = "<group>"; };
		8D1107310486CEB800E47090 /* iLua-Info.plist */ = {isa = PBXFileReference; fileEncoding = 4; lastKnownFileType = text.plist.xml; path = "iLua-Info.plist"; plistStructureDefinitionIdentifier = "com.apple.xcode.plist.structure-definition.iphone.info-plist"; sourceTree = "<group>"; };
		C906768E124A512D00F76EF4 /* LICENSE */ = {isa = PBXFileReference; fileEncoding = 4; lastKnownFileType = text; path = LICENSE; sourceTree = "<group>"; };
		C9067690124A51CD00F76EF4 /* COPYRIGHT */ = {isa = PBXFileReference; fileEncoding = 4; lastKnownFileType = text; name = COPYRIGHT; path = "Classes/LuaSource/lua-5.1.4/COPYRIGHT"; sourceTree = "<group>"; };
		C9442B711110CC7700B901F0 /* lua.h */ = {isa = PBXFileReference; fileEncoding = 4; lastKnownFileType = sourcecode.c.h; name = lua.h; path = "Classes/LuaSource/lua-5.1.4/src/lua.h"; sourceTree = "<group>"; };
		C9442B721110CC7700B901F0 /* lobject.h */ = {isa = PBXFileReference; fileEncoding = 4; lastKnownFileType = sourcecode.c.h; name = lobject.h; path = "Classes/LuaSource/lua-5.1.4/src/lobject.h"; sourceTree = "<group>"; };
		C9442B731110CC7700B901F0 /* loadlib.c */ = {isa = PBXFileReference; fileEncoding = 4; lastKnownFileType = sourcecode.c.c; name = loadlib.c; path = "Classes/LuaSource/lua-5.1.4/src/loadlib.c"; sourceTree = "<group>"; };
		C9442B741110CC7700B901F0 /* lstrlib.c */ = {isa = PBXFileReference; fileEncoding = 4; lastKnownFileType = sourcecode.c.c; name = lstrlib.c; path = "Classes/LuaSource/lua-5.1.4/src/lstrlib.c"; sourceTree = "<group>"; };
		C9442B751110CC7700B901F0 /* lapi.c */ = {isa = PBXFileReference; fileEncoding = 4; lastKnownFileType = sourcecode.c.c; name = lapi.c; path = "Classes/LuaSource/lua-5.1.4/src/lapi.c"; sourceTree = "<group>"; };
		C9442B761110CC7700B901F0 /* ldebug.c */ = {isa = PBXFileReference; fileEncoding = 4; lastKnownFileType = sourcecode.c.c; name = ldebug.c; path = "Classes/LuaSource/lua-5.1.4/src/ldebug.c"; sourceTree = "<group>"; };
		C9442B771110CC7700B901F0 /* lundump.c */ = {isa = PBXFileReference; fileEncoding = 4; lastKnownFileType = sourcecode.c.c; name = lundump.c; path = "Classes/LuaSource/lua-5.1.4/src/lundump.c"; sourceTree = "<group>"; };
		C9442B781110CC7700B901F0 /* ltablib.c */ = {isa = PBXFileReference; fileEncoding = 4; lastKnownFileType = sourcecode.c.c; name = ltablib.c; path = "Classes/LuaSource/lua-5.1.4/src/ltablib.c"; sourceTree = "<group>"; };
		C9442B791110CC7700B901F0 /* lbaselib.c */ = {isa = PBXFileReference; fileEncoding = 4; lastKnownFileType = sourcecode.c.c; name = lbaselib.c; path = "Classes/LuaSource/lua-5.1.4/src/lbaselib.c"; sourceTree = "<group>"; };
		C9442B7A1110CC7700B901F0 /* luaconf.h */ = {isa = PBXFileReference; fileEncoding = 4; lastKnownFileType = sourcecode.c.h; name = luaconf.h; path = "Classes/LuaSource/lua-5.1.4/src/luaconf.h"; sourceTree = "<group>"; };
		C9442B7B1110CC7700B901F0 /* lauxlib.c */ = {isa = PBXFileReference; fileEncoding = 4; lastKnownFileType = sourcecode.c.c; name = lauxlib.c; path = "Classes/LuaSource/lua-5.1.4/src/lauxlib.c"; sourceTree = "<group>"; };
		C9442B7C1110CC7700B901F0 /* ldblib.c */ = {isa = PBXFileReference; fileEncoding = 4; lastKnownFileType = sourcecode.c.c; name = ldblib.c; path = "Classes/LuaSource/lua-5.1.4/src/ldblib.c"; sourceTree = "<group>"; };
		C9442B7E1110CC7700B901F0 /* ldo.c */ = {isa = PBXFileReference; fileEncoding = 4; lastKnownFileType = sourcecode.c.c; name = ldo.c; path = "Classes/LuaSource/lua-5.1.4/src/ldo.c"; sourceTree = "<group>"; };
		C9442B7F1110CC7700B901F0 /* liolib.c */ = {isa = PBXFileReference; fileEncoding = 4; lastKnownFileType = sourcecode.c.c; name = liolib.c; path = "Classes/LuaSource/lua-5.1.4/src/liolib.c"; sourceTree = "<group>"; };
		C9442B801110CC7700B901F0 /* loslib.c */ = {isa = PBXFileReference; fileEncoding = 4; lastKnownFileType = sourcecode.c.c; name = loslib.c; path = "Classes/LuaSource/lua-5.1.4/src/loslib.c"; sourceTree = "<group>"; };
		C9442B811110CC7700B901F0 /* lstate.h */ = {isa = PBXFileReference; fileEncoding = 4; lastKnownFileType = sourcecode.c.h; name = lstate.h; path = "Classes/LuaSource/lua-5.1.4/src/lstate.h"; sourceTree = "<group>"; };
		C9442B821110CC7700B901F0 /* lstate.c */ = {isa = PBXFileReference; fileEncoding = 4; lastKnownFileType = sourcecode.c.c; name = lstate.c; path = "Classes/LuaSource/lua-5.1.4/src/lstate.c"; sourceTree = "<group>"; };
		C9442B831110CC7700B901F0 /* lvm.c */ = {isa = PBXFileReference; fileEncoding = 4; lastKnownFileType = sourcecode.c.c; name = lvm.c; path = "Classes/LuaSource/lua-5.1.4/src/lvm.c"; sourceTree = "<group>"; };
		C9442B851110CC7700B901F0 /* ltable.c */ = {isa = PBXFileReference; fileEncoding = 4; lastKnownFileType = sourcecode.c.c; name = ltable.c; path = "Classes/LuaSource/lua-5.1.4/src/ltable.c"; sourceTree = "<group>"; };
		C9442B861110CC7700B901F0 /* lparser.c */ = {isa = PBXFileReference; fileEncoding = 4; lastKnownFileType = sourcecode.c.c; name = lparser.c; path = "Classes/LuaSource/lua-5.1.4/src/lparser.c"; sourceTree = "<group>"; };
		C9442B871110CC7700B901F0 /* lcode.c */ = {isa = PBXFileReference; fileEncoding = 4; lastKnownFileType = sourcecode.c.c; name = lcode.c; path = "Classes/LuaSource/lua-5.1.4/src/lcode.c"; sourceTree = "<group>"; };
		C9442B881110CC7700B901F0 /* lfunc.c */ = {isa = PBXFileReference; fileEncoding = 4; lastKnownFileType = sourcecode.c.c; name = lfunc.c; path = "Classes/LuaSource/lua-5.1.4/src/lfunc.c"; sourceTree = "<group>"; };
		C9442B891110CC7700B901F0 /* lzio.h */ = {isa = PBXFileReference; fileEncoding = 4; lastKnownFileType = sourcecode.c.h; name = lzio.h; path = "Classes/LuaSource/lua-5.1.4/src/lzio.h"; sourceTree = "<group>"; };
		C9442B8A1110CC7700B901F0 /* lzio.c */ = {isa = PBXFileReference; fileEncoding = 4; lastKnownFileType = sourcecode.c.c; name = lzio.c; path = "Classes/LuaSource/lua-5.1.4/src/lzio.c"; sourceTree = "<group>"; };
		C9442B8B1110CC7700B901F0 /* lvm.h */ = {isa = PBXFileReference; fileEncoding = 4; lastKnownFileType = sourcecode.c.h; name = lvm.h; path = "Classes/LuaSource/lua-5.1.4/src/lvm.h"; sourceTree = "<group>"; };
		C9442B8C1110CC7700B901F0 /* lundump.h */ = {isa = PBXFileReference; fileEncoding = 4; lastKnownFileType = sourcecode.c.h; name = lundump.h; path = "Classes/LuaSource/lua-5.1.4/src/lundump.h"; sourceTree = "<group>"; };
		C9442B8D1110CC7700B901F0 /* lualib.h */ = {isa = PBXFileReference; fileEncoding = 4; lastKnownFileType = sourcecode.c.h; name = lualib.h; path = "Classes/LuaSource/lua-5.1.4/src/lualib.h"; sourceTree = "<group>"; };
		C9442B8E1110CC7700B901F0 /* ltm.h */ = {isa = PBXFileReference; fileEncoding = 4; lastKnownFileType = sourcecode.c.h; name = ltm.h; path = "Classes/LuaSource/lua-5.1.4/src/ltm.h"; sourceTree = "<group>"; };
		C9442B8F1110CC7700B901F0 /* ltm.c */ = {isa = PBXFileReference; fileEncoding = 4; lastKnownFileType = sourcecode.c.c; name = ltm.c; path = "Classes/LuaSource/lua-5.1.4/src/ltm.c"; sourceTree = "<group>"; };
		C9442B901110CC7700B901F0 /* ltable.h */ = {isa = PBXFileReference; fileEncoding = 4; lastKnownFileType = sourcecode.c.h; name = ltable.h; path = "Classes/LuaSource/lua-5.1.4/src/ltable.h"; sourceTree = "<group>"; };
		C9442B911110CC7700B901F0 /* lstring.h */ = {isa = PBXFileReference; fileEncoding = 4; lastKnownFileType = sourcecode.c.h; name = lstring.h; path = "Classes/LuaSource/lua-5.1.4/src/lstring.h"; sourceTree = "<group>"; };
		C9442B921110CC7700B901F0 /* lstring.c */ = {isa = PBXFileReference; fileEncoding = 4; lastKnownFileType = sourcecode.c.c; name = lstring.c; path = "Classes/LuaSource/lua-5.1.4/src/lstring.c"; sourceTree = "<group>"; };
		C9442B931110CC7700B901F0 /* lparser.h */ = {isa = PBXFileReference; fileEncoding = 4; lastKnownFileType = sourcecode.c.h; name = lparser.h; path = "Classes/LuaSource/lua-5.1.4/src/lparser.h"; sourceTree = "<group>"; };
		C9442B941110CC7700B901F0 /* lopcodes.h */ = {isa = PBXFileReference; fileEncoding = 4; lastKnownFileType = sourcecode.c.h; name = lopcodes.h; path = "Classes/LuaSource/lua-5.1.4/src/lopcodes.h"; sourceTree = "<group>"; };
		C9442B951110CC7700B901F0 /* lopcodes.c */ = {isa = PBXFileReference; fileEncoding = 4; lastKnownFileType = sourcecode.c.c; name = lopcodes.c; path = "Classes/LuaSource/lua-5.1.4/src/lopcodes.c"; sourceTree = "<group>"; };
		C9442B961110CC7700B901F0 /* lobject.c */ = {isa = PBXFileReference; fileEncoding = 4; lastKnownFileType = sourcecode.c.c; name = lobject.c; path = "Classes/LuaSource/lua-5.1.4/src/lobject.c"; sourceTree = "<group>"; };
		C9442B971110CC7700B901F0 /* lmem.h */ = {isa = PBXFileReference; fileEncoding = 4; lastKnownFileType = sourcecode.c.h; name = lmem.h; path = "Classes/LuaSource/lua-5.1.4/src/lmem.h"; sourceTree = "<group>"; };
		C9442B981110CC7700B901F0 /* lmem.c */ = {isa = PBXFileReference; fileEncoding = 4; lastKnownFileType = sourcecode.c.c; name = lmem.c; path = "Classes/LuaSource/lua-5.1.4/src/lmem.c"; sourceTree = "<group>"; };
		C9442B991110CC7700B901F0 /* lmathlib.c */ = {isa = PBXFileReference; fileEncoding = 4; lastKnownFileType = sourcecode.c.c; name = lmathlib.c; path = "Classes/LuaSource/lua-5.1.4/src/lmathlib.c"; sourceTree = "<group>"; };
		C9442B9A1110CC7700B901F0 /* llimits.h */ = {isa = PBXFileReference; fileEncoding = 4; lastKnownFileType = sourcecode.c.h; name = llimits.h; path = "Classes/LuaSource/lua-5.1.4/src/llimits.h"; sourceTree = "<group>"; };
		C9442B9B1110CC7700B901F0 /* llex.h */ = {isa = PBXFileReference; fileEncoding = 4; lastKnownFileType = sourcecode.c.h; name = llex.h; path = "Classes/LuaSource/lua-5.1.4/src/llex.h"; sourceTree = "<group>"; };
		C9442B9C1110CC7700B901F0 /* llex.c */ = {isa = PBXFileReference; fileEncoding = 4; lastKnownFileType = sourcecode.c.c; name = llex.c; path = "Classes/LuaSource/lua-5.1.4/src/llex.c"; sourceTree = "<group>"; };
		C9442B9D1110CC7700B901F0 /* linit.c */ = {isa = PBXFileReference; fileEncoding = 4; lastKnownFileType = sourcecode.c.c; name = linit.c; path = "Classes/LuaSource/lua-5.1.4/src/linit.c"; sourceTree = "<group>"; };
		C9442B9E1110CC7700B901F0 /* lgc.h */ = {isa = PBXFileReference; fileEncoding = 4; lastKnownFileType = sourcecode.c.h; name = lgc.h; path = "Classes/LuaSource/lua-5.1.4/src/lgc.h"; sourceTree = "<group>"; };
		C9442B9F1110CC7700B901F0 /* lgc.c */ = {isa = PBXFileReference; fileEncoding = 4; lastKnownFileType = sourcecode.c.c; name = lgc.c; path = "Classes/LuaSource/lua-5.1.4/src/lgc.c"; sourceTree = "<group>"; };
		C9442BA01110CC7700B901F0 /* lfunc.h */ = {isa = PBXFileReference; fileEncoding = 4; lastKnownFileType = sourcecode.c.h; name = lfunc.h; path = "Classes/LuaSource/lua-5.1.4/src/lfunc.h"; sourceTree = "<group>"; };
		C9442BA11110CC7700B901F0 /* ldump.c */ = {isa = PBXFileReference; fileEncoding = 4; lastKnownFileType = sourcecode.c.c; name = ldump.c; path = "Classes/LuaSource/lua-5.1.4/src/ldump.c"; sourceTree = "<group>"; };
		C9442BA21110CC7700B901F0 /* ldo.h */ = {isa = PBXFileReference; fileEncoding = 4; lastKnownFileType = sourcecode.c.h; name = ldo.h; path = "Classes/LuaSource/lua-5.1.4/src/ldo.h"; sourceTree = "<group>"; };
		C9442BA31110CC7700B901F0 /* ldebug.h */ = {isa = PBXFileReference; fileEncoding = 4; lastKnownFileType = sourcecode.c.h; name = ldebug.h; path = "Classes/LuaSource/lua-5.1.4/src/ldebug.h"; sourceTree = "<group>"; };
		C9442BA41110CC7700B901F0 /* lcode.h */ = {isa = PBXFileReference; fileEncoding = 4; lastKnownFileType = sourcecode.c.h; name = lcode.h; path = "Classes/LuaSource/lua-5.1.4/src/lcode.h"; sourceTree = "<group>"; };
		C9442BA51110CC7700B901F0 /* lauxlib.h */ = {isa = PBXFileReference; fileEncoding = 4; lastKnownFileType = sourcecode.c.h; name = lauxlib.h; path = "Classes/LuaSource/lua-5.1.4/src/lauxlib.h"; sourceTree = "<group>"; };
		C9442BA61110CC7700B901F0 /* lapi.h */ = {isa = PBXFileReference; fileEncoding = 4; lastKnownFileType = sourcecode.c.h; name = lapi.h; path = "Classes/LuaSource/lua-5.1.4/src/lapi.h"; sourceTree = "<group>"; };
		C9442BA71110CC7700B901F0 /* print.c */ = {isa = PBXFileReference; fileEncoding = 4; lastKnownFileType = sourcecode.c.c; name = print.c; path = "Classes/LuaSource/lua-5.1.4/src/print.c"; sourceTree = "<group>"; };
		C9731BAD111FB09A006E5061 /* icon.png */ = {isa = PBXFileReference; lastKnownFileType = image.png; path = icon.png; sourceTree = "<group>"; };
/* End PBXFileReference section */

/* Begin PBXFrameworksBuildPhase section */
		1D60588F0D05DD3D006BFB54 /* Frameworks */ = {
			isa = PBXFrameworksBuildPhase;
			buildActionMask = 2147483647;
			files = (
				1D60589F0D05DD5A006BFB54 /* Foundation.framework in Frameworks */,
				1DF5F4E00D08C38300B7A737 /* UIKit.framework in Frameworks */,
				288765A50DF7441C002DB57D /* CoreGraphics.framework in Frameworks */,
			);
			runOnlyForDeploymentPostprocessing = 0;
		};
/* End PBXFrameworksBuildPhase section */

/* Begin PBXGroup section */
		080E96DDFE201D6D7F000001 /* Classes */ = {
			isa = PBXGroup;
			children = (
				1D3623240D0F684500981E51 /* iLuaAppDelegate.h */,
				1D3623250D0F684500981E51 /* iLuaAppDelegate.m */,
				28D7ACF60DDB3853001CB0EB /* iLuaViewController.h */,
				28D7ACF70DDB3853001CB0EB /* iLuaViewController.m */,
			);
			path = Classes;
			sourceTree = "<group>";
		};
		19C28FACFE9D520D11CA2CBB /* Products */ = {
			isa = PBXGroup;
			children = (
				1D6058910D05DD3D006BFB54 /* iLua.app */,
			);
			name = Products;
			sourceTree = "<group>";
		};
		29B97314FDCFA39411CA2CEA /* CustomTemplate */ = {
			isa = PBXGroup;
			children = (
				C9442B701110CAF100B901F0 /* LuaSources */,
				080E96DDFE201D6D7F000001 /* Classes */,
				29B97315FDCFA39411CA2CEA /* Other Sources */,
				29B97317FDCFA39411CA2CEA /* Resources */,
				29B97323FDCFA39411CA2CEA /* Frameworks */,
				19C28FACFE9D520D11CA2CBB /* Products */,
			);
			name = CustomTemplate;
			sourceTree = "<group>";
		};
		29B97315FDCFA39411CA2CEA /* Other Sources */ = {
			isa = PBXGroup;
			children = (
				32CA4F630368D1EE00C91783 /* iLua_Prefix.pch */,
				29B97316FDCFA39411CA2CEA /* main.m */,
			);
			name = "Other Sources";
			sourceTree = "<group>";
		};
		29B97317FDCFA39411CA2CEA /* Resources */ = {
			isa = PBXGroup;
			children = (
				C906768E124A512D00F76EF4 /* LICENSE */,
				C9731BAD111FB09A006E5061 /* icon.png */,
				2899E5210DE3E06400AC0155 /* iLuaViewController.xib */,
				28AD733E0D9D9553002E5188 /* MainWindow.xib */,
				8D1107310486CEB800E47090 /* iLua-Info.plist */,
			);
			name = Resources;
			sourceTree = "<group>";
		};
		29B97323FDCFA39411CA2CEA /* Frameworks */ = {
			isa = PBXGroup;
			children = (
				1DF5F4DF0D08C38300B7A737 /* UIKit.framework */,
				1D30AB110D05D00D00671497 /* Foundation.framework */,
				288765A40DF7441C002DB57D /* CoreGraphics.framework */,
			);
			name = Frameworks;
			sourceTree = "<group>";
		};
		C9442B701110CAF100B901F0 /* LuaSources */ = {
			isa = PBXGroup;
			children = (
				C9067690124A51CD00F76EF4 /* COPYRIGHT */,
				C9442B711110CC7700B901F0 /* lua.h */,
				C9442B721110CC7700B901F0 /* lobject.h */,
				C9442B731110CC7700B901F0 /* loadlib.c */,
				C9442B741110CC7700B901F0 /* lstrlib.c */,
				C9442B751110CC7700B901F0 /* lapi.c */,
				C9442B761110CC7700B901F0 /* ldebug.c */,
				C9442B771110CC7700B901F0 /* lundump.c */,
				C9442B781110CC7700B901F0 /* ltablib.c */,
				C9442B791110CC7700B901F0 /* lbaselib.c */,
				C9442B7A1110CC7700B901F0 /* luaconf.h */,
				C9442B7B1110CC7700B901F0 /* lauxlib.c */,
				C9442B7C1110CC7700B901F0 /* ldblib.c */,
				C9442B7E1110CC7700B901F0 /* ldo.c */,
				C9442B7F1110CC7700B901F0 /* liolib.c */,
				C9442B801110CC7700B901F0 /* loslib.c */,
				C9442B811110CC7700B901F0 /* lstate.h */,
				C9442B821110CC7700B901F0 /* lstate.c */,
				C9442B831110CC7700B901F0 /* lvm.c */,
				C9442B851110CC7700B901F0 /* ltable.c */,
				C9442B861110CC7700B901F0 /* lparser.c */,
				C9442B871110CC7700B901F0 /* lcode.c */,
				C9442B881110CC7700B901F0 /* lfunc.c */,
				C9442B891110CC7700B901F0 /* lzio.h */,
				C9442B8A1110CC7700B901F0 /* lzio.c */,
				C9442B8B1110CC7700B901F0 /* lvm.h */,
				C9442B8C1110CC7700B901F0 /* lundump.h */,
				C9442B8D1110CC7700B901F0 /* lualib.h */,
				C9442B8E1110CC7700B901F0 /* ltm.h */,
				C9442B8F1110CC7700B901F0 /* ltm.c */,
				C9442B901110CC7700B901F0 /* ltable.h */,
				C9442B911110CC7700B901F0 /* lstring.h */,
				C9442B921110CC7700B901F0 /* lstring.c */,
				C9442B931110CC7700B901F0 /* lparser.h */,
				C9442B941110CC7700B901F0 /* lopcodes.h */,
				C9442B951110CC7700B901F0 /* lopcodes.c */,
				C9442B961110CC7700B901F0 /* lobject.c */,
				C9442B971110CC7700B901F0 /* lmem.h */,
				C9442B981110CC7700B901F0 /* lmem.c */,
				C9442B991110CC7700B901F0 /* lmathlib.c */,
				C9442B9A1110CC7700B901F0 /* llimits.h */,
				C9442B9B1110CC7700B901F0 /* llex.h */,
				C9442B9C1110CC7700B901F0 /* llex.c */,
				C9442B9D1110CC7700B901F0 /* linit.c */,
				C9442B9E1110CC7700B901F0 /* lgc.h */,
				C9442B9F1110CC7700B901F0 /* lgc.c */,
				C9442BA01110CC7700B901F0 /* lfunc.h */,
				C9442BA11110CC7700B901F0 /* ldump.c */,
				C9442BA21110CC7700B901F0 /* ldo.h */,
				C9442BA31110CC7700B901F0 /* ldebug.h */,
				C9442BA41110CC7700B901F0 /* lcode.h */,
				C9442BA51110CC7700B901F0 /* lauxlib.h */,
				C9442BA61110CC7700B901F0 /* lapi.h */,
				C9442BA71110CC7700B901F0 /* print.c */,
			);
			name = LuaSources;
			sourceTree = "<group>";
		};
/* End PBXGroup section */

/* Begin PBXNativeTarget section */
		1D6058900D05DD3D006BFB54 /* iLua */ = {
			isa = PBXNativeTarget;
			buildConfigurationList = 1D6058960D05DD3E006BFB54 /* Build configuration list for PBXNativeTarget "iLua" */;
			buildPhases = (
				1D60588D0D05DD3D006BFB54 /* Resources */,
				1D60588E0D05DD3D006BFB54 /* Sources */,
				1D60588F0D05DD3D006BFB54 /* Frameworks */,
			);
			buildRules = (
			);
			dependencies = (
			);
			name = iLua;
			productName = LuaTrial;
			productReference = 1D6058910D05DD3D006BFB54 /* iLua.app */;
			productType = "com.apple.product-type.application";
		};
/* End PBXNativeTarget section */

/* Begin PBXProject section */
		29B97313FDCFA39411CA2CEA /* Project object */ = {
			isa = PBXProject;
			buildConfigurationList = C01FCF4E08A954540054247B /* Build configuration list for PBXProject "iLua" */;
			compatibilityVersion = "Xcode 3.1";
			developmentRegion = English;
			hasScannedForEncodings = 1;
			knownRegions = (
				English,
				Japanese,
				French,
				German,
			);
			mainGroup = 29B97314FDCFA39411CA2CEA /* CustomTemplate */;
			projectDirPath = "";
			projectRoot = "";
			targets = (
				1D6058900D05DD3D006BFB54 /* iLua */,
			);
		};
/* End PBXProject section */

/* Begin PBXResourcesBuildPhase section */
		1D60588D0D05DD3D006BFB54 /* Resources */ = {
			isa = PBXResourcesBuildPhase;
			buildActionMask = 2147483647;
			files = (
				28AD733F0D9D9553002E5188 /* MainWindow.xib in Resources */,
				2899E5220DE3E06400AC0155 /* iLuaViewController.xib in Resources */,
				C9731BAE111FB09A006E5061 /* icon.png in Resources */,
				C906768F124A512D00F76EF4 /* LICENSE in Resources */,
				C9067691124A51CD00F76EF4 /* COPYRIGHT in Resources */,
			);
			runOnlyForDeploymentPostprocessing = 0;
		};
/* End PBXResourcesBuildPhase section */

/* Begin PBXSourcesBuildPhase section */
		1D60588E0D05DD3D006BFB54 /* Sources */ = {
			isa = PBXSourcesBuildPhase;
			buildActionMask = 2147483647;
			files = (
				1D60589B0D05DD56006BFB54 /* main.m in Sources */,
				1D3623260D0F684500981E51 /* iLuaAppDelegate.m in Sources */,
				28D7ACF80DDB3853001CB0EB /* iLuaViewController.m in Sources */,
				C9442BA91110CC7700B901F0 /* loadlib.c in Sources */,
				C9442BAA1110CC7700B901F0 /* lstrlib.c in Sources */,
				C9442BAB1110CC7700B901F0 /* lapi.c in Sources */,
				C9442BAC1110CC7700B901F0 /* ldebug.c in Sources */,
				C9442BAD1110CC7700B901F0 /* lundump.c in Sources */,
				C9442BAE1110CC7700B901F0 /* ltablib.c in Sources */,
				C9442BAF1110CC7700B901F0 /* lbaselib.c in Sources */,
				C9442BB01110CC7700B901F0 /* lauxlib.c in Sources */,
				C9442BB11110CC7700B901F0 /* ldblib.c in Sources */,
				C9442BB31110CC7700B901F0 /* ldo.c in Sources */,
				C9442BB41110CC7700B901F0 /* liolib.c in Sources */,
				C9442BB51110CC7700B901F0 /* loslib.c in Sources */,
				C9442BB61110CC7700B901F0 /* lstate.c in Sources */,
				C9442BB71110CC7700B901F0 /* lvm.c in Sources */,
				C9442BB91110CC7700B901F0 /* ltable.c in Sources */,
				C9442BBA1110CC7700B901F0 /* lparser.c in Sources */,
				C9442BBB1110CC7700B901F0 /* lcode.c in Sources */,
				C9442BBC1110CC7700B901F0 /* lfunc.c in Sources */,
				C9442BBD1110CC7700B901F0 /* lzio.c in Sources */,
				C9442BBE1110CC7700B901F0 /* ltm.c in Sources */,
				C9442BBF1110CC7700B901F0 /* lstring.c in Sources */,
				C9442BC01110CC7700B901F0 /* lopcodes.c in Sources */,
				C9442BC11110CC7700B901F0 /* lobject.c in Sources */,
				C9442BC21110CC7700B901F0 /* lmem.c in Sources */,
				C9442BC31110CC7700B901F0 /* lmathlib.c in Sources */,
				C9442BC41110CC7700B901F0 /* llex.c in Sources */,
				C9442BC51110CC7700B901F0 /* linit.c in Sources */,
				C9442BC61110CC7700B901F0 /* lgc.c in Sources */,
				C9442BC71110CC7700B901F0 /* ldump.c in Sources */,
				C9442BC81110CC7700B901F0 /* print.c in Sources */,
			);
			runOnlyForDeploymentPostprocessing = 0;
		};
/* End PBXSourcesBuildPhase section */

/* Begin XCBuildConfiguration section */
		1D6058940D05DD3E006BFB54 /* Debug */ = {
			isa = XCBuildConfiguration;
			buildSettings = {
				ALWAYS_SEARCH_USER_PATHS = NO;
				COPY_PHASE_STRIP = NO;
				GCC_DYNAMIC_NO_PIC = NO;
				GCC_OPTIMIZATION_LEVEL = 0;
				GCC_PRECOMPILE_PREFIX_HEADER = YES;
				GCC_PREFIX_HEADER = iLua_Prefix.pch;
				INFOPLIST_FILE = "iLua-Info.plist";
				PRODUCT_NAME = iLua;
			};
			name = Debug;
		};
		1D6058950D05DD3E006BFB54 /* Release */ = {
			isa = XCBuildConfiguration;
			buildSettings = {
				ALWAYS_SEARCH_USER_PATHS = NO;
				COPY_PHASE_STRIP = YES;
				GCC_PRECOMPILE_PREFIX_HEADER = YES;
				GCC_PREFIX_HEADER = iLua_Prefix.pch;
				INFOPLIST_FILE = "iLua-Info.plist";
				PRODUCT_NAME = iLua;
			};
			name = Release;
		};
		C01FCF4F08A954540054247B /* Debug */ = {
			isa = XCBuildConfiguration;
			buildSettings = {
				ARCHS = "$(ARCHS_STANDARD_32_BIT)";
				"CODE_SIGN_IDENTITY[sdk=iphoneos*]" = "iPhone Developer: Matthew Burke (Z823Z33KNT)";
				GCC_C_LANGUAGE_STANDARD = c99;
				GCC_WARN_ABOUT_RETURN_TYPE = YES;
				GCC_WARN_UNUSED_VARIABLE = YES;
				IPHONEOS_DEPLOYMENT_TARGET = 3.0;
				PREBINDING = NO;
				"PROVISIONING_PROFILE[sdk=iphoneos*]" = "4AED59C3-AB51-4935-88DA-D53BDA41BE18";
				SDKROOT = iphonesimulator4.1;
			};
			name = Debug;
		};
		C01FCF5008A954540054247B /* Release */ = {
			isa = XCBuildConfiguration;
			buildSettings = {
				ARCHS = "$(ARCHS_STANDARD_32_BIT)";
				"CODE_SIGN_IDENTITY[sdk=iphoneos*]" = "iPhone Developer: Matthew Burke (Z823Z33KNT)";
				GCC_C_LANGUAGE_STANDARD = c99;
				GCC_WARN_ABOUT_RETURN_TYPE = YES;
				GCC_WARN_UNUSED_VARIABLE = YES;
				IPHONEOS_DEPLOYMENT_TARGET = 3.0;
				PREBINDING = NO;
				"PROVISIONING_PROFILE[sdk=iphoneos*]" = "4AED59C3-AB51-4935-88DA-D53BDA41BE18";
				SDKROOT = iphonesimulator4.1;
			};
			name = Release;
		};
/* End XCBuildConfiguration section */

/* Begin XCConfigurationList section */
		1D6058960D05DD3E006BFB54 /* Build configuration list for PBXNativeTarget "iLua" */ = {
			isa = XCConfigurationList;
			buildConfigurations = (
				1D6058940D05DD3E006BFB54 /* Debug */,
				1D6058950D05DD3E006BFB54 /* Release */,
			);
			defaultConfigurationIsVisible = 0;
			defaultConfigurationName = Release;
		};
		C01FCF4E08A954540054247B /* Build configuration list for PBXProject "iLua" */ = {
			isa = XCConfigurationList;
			buildConfigurations = (
				C01FCF4F08A954540054247B /* Debug */,
				C01FCF5008A954540054247B /* Release */,
			);
			defaultConfigurationIsVisible = 0;
			defaultConfigurationName = Release;
		};
/* End XCConfigurationList section */
	};
	rootObject = 29B97313FDCFA39411CA2CEA /* Project object */;
}
